
Microsoft Visual Studio Solution File, Format Version 12.00
# Visual Studio Version 17
VisualStudioVersion = 17.7.34031.279
MinimumVisualStudioVersion = 10.0.40219.1
Project("{FAE04EC0-301F-11D3-BF4B-00C04F79EFBC}") = "RazorBarcodeLibrary", "RazorBarcodeLibrary.csproj", "{BDE09632-95B6-4F23-A1DD-98320962860A}"
EndProject
Global
	GlobalSection(SolutionConfigurationPlatforms) = preSolution
		Debug|Any CPU = Debug|Any CPU
		Release|Any CPU = Release|Any CPU
	EndGlobalSection
	GlobalSection(ProjectConfigurationPlatforms) = postSolution
		{BDE09632-95B6-4F23-A1DD-98320962860A}.Debug|Any CPU.ActiveCfg = Debug|Any CPU
		{BDE09632-95B6-4F23-A1DD-98320962860A}.Debug|Any CPU.Build.0 = Debug|Any CPU
		{BDE09632-95B6-4F23-A1DD-98320962860A}.Release|Any CPU.ActiveCfg = Release|Any CPU
		{BDE09632-95B6-4F23-A1DD-98320962860A}.Release|Any CPU.Build.0 = Release|Any CPU
	EndGlobalSection
	GlobalSection(SolutionProperties) = preSolution
		HideSolutionNode = FALSE
	EndGlobalSection
	GlobalSection(ExtensibilityGlobals) = postSolution
		SolutionGuid = {DE80E6D1-BCB5-4839-A984-347668222752}
	EndGlobalSection
EndGlobal
